{
  "name": "mongodb-node-changestreams-sample",
  "version": "1.0.0",
  "lockfileVersion": 1,
  "requires": true,
  "dependencies": {
    "bson": {
      "version": "1.0.4",
      "resolved": "https://registry.npmjs.org/bson/-/bson-1.0.4.tgz",
      "integrity": "sha1-k8ENOeqltYQVy8QFLz5T5WKwtyw="
    },
    "is-absolute": {
      "version": "0.2.6",
      "resolved": "https://registry.npmjs.org/is-absolute/-/is-absolute-0.2.6.tgz",
      "integrity": "sha1-IN5p89uULvLYe5wto28XIjWxtes=",
      "requires": {
        "is-relative": "0.2.1",
        "is-windows": "0.2.0"
      }
    },
    "is-relative": {
      "version": "0.2.1",
      "resolved": "https://registry.npmjs.org/is-relative/-/is-relative-0.2.1.tgz",
      "integrity": "sha1-0n9MfVFtF1+2ENuEu+7yPDvJeqU=",
      "requires": {
        "is-unc-path": "0.1.2"
      }
    },
    "is-unc-path": {
      "version": "0.1.2",
      "resolved": "https://registry.npmjs.org/is-unc-path/-/is-unc-path-0.1.2.tgz",
      "integrity": "sha1-arBTpyVzwQJQ/0FqOBTDUXivObk=",
      "requires": {
        "unc-path-regex": "0.1.2"
      }
    },
    "is-windows": {
      "version": "0.2.0",
      "resolved": "https://registry.npmjs.org/is-windows/-/is-windows-0.2.0.tgz",
      "integrity": "sha1-3hqm1j6indJIc3tp8f+LgALSEIw="
    },
    "minimist": {
      "version": "0.0.8",
      "resolved": "https://registry.npmjs.org/minimist/-/minimist-0.0.8.tgz",
      "integrity": "sha1-hX/Kv8M5fSYluCKCYuhqp6ARsF0="
    },
    "mkdirp": {
      "version": "0.5.1",
      "resolved": "https://registry.npmjs.org/mkdirp/-/mkdirp-0.5.1.tgz",
      "integrity": "sha1-MAV0OOrGz3+MR2fzhkjWaX11yQM=",
      "requires": {
        "minimist": "0.0.8"
      }
    },
    "mongodb": {
      "version": "3.0.1",
      "resolved": "https://registry.npmjs.org/mongodb/-/mongodb-3.0.1.tgz",
      "integrity": "sha1-J47oAGJX7CJ5hZSmJZVGgl1t4bI=",
      "requires": {
        "mongodb-core": "3.0.1"
      }
    },
    "mongodb-core": {
      "version": "3.0.1",
      "resolved": "https://registry.npmjs.org/mongodb-core/-/mongodb-core-3.0.1.tgz",
      "integrity": "sha1-/23Dbulv9ZaVPYCmhA1nMbyS7+0=",
      "requires": {
        "bson": "1.0.4",
        "require_optional": "1.0.1"
      }
    },
    "mongodb-extjson": {
      "version": "2.0.0",
      "resolved": "https://registry.npmjs.org/mongodb-extjson/-/mongodb-extjson-2.0.0.tgz",
      "integrity": "sha1-EwKaEaNOKRMEzeW1S3ou2s6C+7M=",
      "requires": {
        "bson": "github:mongodb/js-bson#f79d5433ed2597426a1f157e86091ef0ec99fdc3"
      },
      "dependencies": {
        "bson": {
          "version": "github:mongodb/js-bson#f79d5433ed2597426a1f157e86091ef0ec99fdc3"
        }
      }
    },
    "node-persist": {
      "version": "2.1.0",
      "resolved": "https://registry.npmjs.org/node-persist/-/node-persist-2.1.0.tgz",
      "integrity": "sha1-5lK784haBNrWo1PXQXYXfIORRwc=",
      "requires": {
        "is-absolute": "0.2.6",
        "mkdirp": "0.5.1",
        "q": "1.1.2"
      }
    },
    "q": {
      "version": "1.1.2",
      "resolved": "https://registry.npmjs.org/q/-/q-1.1.2.tgz",
      "integrity": "sha1-Y1fikSBnAdmfGXq4TlforRlvKok="
    },
    "require_optional": {
      "version": "1.0.1",
      "resolved": "https://registry.npmjs.org/require_optional/-/require_optional-1.0.1.tgz",
      "integrity": "sha512-qhM/y57enGWHAe3v/NcwML6a3/vfESLe/sGM2dII+gEO0BpKRUkWZow/tyloNqJyN6kXSl3RyyM8Ll5D/sJP8g==",
      "requires": {
        "resolve-from": "2.0.0",
        "semver": "5.5.0"
      }
    },
    "resolve-from": {
      "version": "2.0.0",
      "resolved": "https://registry.npmjs.org/resolve-from/-/resolve-from-2.0.0.tgz",
      "integrity": "sha1-lICrIOlP+h2egKgEx+oUdhGWa1c="
    },
    "semver": {
      "version": "5.5.0",
      "resolved": "https://registry.npmjs.org/semver/-/semver-5.5.0.tgz",
      "integrity": "sha512-4SJ3dm0WAwWy/NVeioZh5AntkdJoWKxHxcmyP622fOkgHa4z3R0TdBJICINyaSDE6uNwVc8gZr+ZinwZAH4xIA=="
    },
    "unc-path-regex": {
      "version": "0.1.2",
      "resolved": "https://registry.npmjs.org/unc-path-regex/-/unc-path-regex-0.1.2.tgz",
      "integrity": "sha1-5z3T17DXxe2G+6xrCufYxqadUPo="
    }
  }
}
